# THIS IS AN AUTOGENERATED FILE. DO NOT EDIT THIS FILE DIRECTLY.
# yarn lockfile v1


"@types/hyperscript@^0.0.4":
  version "0.0.4"
  resolved "https://registry.yarnpkg.com/@types/hyperscript/-/hyperscript-0.0.4.tgz#209df6d6f304a8515c8fadb395fe40446d64655a"
  integrity sha512-oZIYTxzfTYM6KNXwN3PPS5dow3KmjDcMDRF6iSxqidJSyw4kwo6yJlxrY/KrCc+0J14x0CflmZRApbcdLvwDiw==

hyperscript-helpers@^3.0.3:
  version "3.0.3"
  resolved "https://registry.yarnpkg.com/hyperscript-helpers/-/hyperscript-helpers-3.0.3.tgz#583ac45214c9ea810991feb97bdb37fc3d12a1e8"
  integrity sha512-YWBZO3IlLR4UMnT8T+yRQFRt8VfeLU//qubw6AO5j5rWxlnNH6IjzWdX/SjHCliOqbNoW8u7jUUgIiWz/YtFpA==
